
Microsoft Visual Studio Solution File, Format Version 11.00
# Visual Studio 2010
Project("{FAE04EC0-301F-11D3-BF4B-00C04F79EFBC}") = "FeedTheFish", "FeedTheFish\FeedTheFish\FeedTheFish.csproj", "{64E9EF1C-C389-45FF-B005-D91BBA9F4521}"
EndProject
Project("{96E2B04D-8817-42C6-938A-82C39BA4D311}") = "FeedTheFishContent", "FeedTheFish\FeedTheFishContent\FeedTheFishContent.contentproj", "{403B334B-2E4C-488E-BCF1-F46FCE781C91}"
EndProject
Global
	GlobalSection(SolutionConfigurationPlatforms) = preSolution
		Debug|x86 = Debug|x86
		Release|x86 = Release|x86
	EndGlobalSection
	GlobalSection(ProjectConfigurationPlatforms) = postSolution
		{64E9EF1C-C389-45FF-B005-D91BBA9F4521}.Debug|x86.ActiveCfg = Debug|x86
		{64E9EF1C-C389-45FF-B005-D91BBA9F4521}.Debug|x86.Build.0 = Debug|x86
		{64E9EF1C-C389-45FF-B005-D91BBA9F4521}.Release|x86.ActiveCfg = Release|x86
		{64E9EF1C-C389-45FF-B005-D91BBA9F4521}.Release|x86.Build.0 = Release|x86
		{403B334B-2E4C-488E-BCF1-F46FCE781C91}.Debug|x86.ActiveCfg = Debug|x86
		{403B334B-2E4C-488E-BCF1-F46FCE781C91}.Release|x86.ActiveCfg = Release|x86
	EndGlobalSection
	GlobalSection(SolutionProperties) = preSolution
		HideSolutionNode = FALSE
	EndGlobalSection
EndGlobal
